<?xml version="1.0" encoding="utf-8"?>
<Project ToolsVersion="4.0" xmlns="http://schemas.microsoft.com/developer/msbuild/2003">
  <ItemGroup>
    <ClCompile Include="main.cpp" />
    <ClCompile Include="d3d11\d3d11_simple_triangle.cpp">
      <Filter>D3D11\tests</Filter>
    </ClCompile>
    <ClCompile Include="d3d11_common.cpp">
      <Filter>D3D11</Filter>
    </ClCompile>
    <ClCompile Include="gl\gl_simple_triangle.cpp">
      <Filter>OpenGL\tests</Filter>
    </ClCompile>
    <ClCompile Include="gl_common.cpp">
      <Filter>OpenGL</Filter>
    </ClCompile>
    <ClCompile Include="gl\gl_unsized_ms_fbo_attachment.cpp">
      <Filter>OpenGL\tests</Filter>
    </ClCompile>
    <ClCompile Include="d3d11\d3d11_overdraw_stress.cpp">
      <Filter>D3D11\tests</Filter>
    </ClCompile>
    <ClCompile Include="d3d11\d3d11_1_many_uavs.cpp">
      <Filter>D3D11\tests</Filter>
    </ClCompile>
    <ClCompile Include="d3d11\d3d11_debug_shader.cpp">
      <Filter>D3D11\tests</Filter>
    </ClCompile>
    <ClCompile Include="d3d11\d3d11_mip_rtv.cpp">
      <Filter>D3D11\tests</Filter>
    </ClCompile>
    <ClCompile Include="d3d11\d3d11_many_rtvs.cpp">
      <Filter>D3D11\tests</Filter>
    </ClCompile>
    <ClCompile Include="d3d11\d3d11_empty_compute_dispatch.cpp">
      <Filter>D3D11\tests</Filter>
    </ClCompile>
    <ClCompile Include="d3d11\d3d11_array_interpolator.cpp">
      <Filter>D3D11\tests</Filter>
    </ClCompile>
    <ClCompile Include="d3d11\d3d11_empty_drawcall.cpp">
      <Filter>D3D11\tests</Filter>
    </ClCompile>
    <ClCompile Include="d3d11\d3d11_structured_buffer_read.cpp">
      <Filter>D3D11\tests</Filter>
    </ClCompile>
    <ClCompile Include="d3d11\d3d11_empty_viewports.cpp">
      <Filter>D3D11\tests</Filter>
    </ClCompile>
    <ClCompile Include="d3d11\d3d11_simple_dispatch.cpp">
      <Filter>D3D11\tests</Filter>
    </ClCompile>
    <ClCompile Include="gl\gl_runtime_bind_prog_to_pipe.cpp">
      <Filter>OpenGL\tests</Filter>
    </ClCompile>
    <ClCompile Include="gl\gl_depthstencil_fbo.cpp">
      <Filter>OpenGL\tests</Filter>
    </ClCompile>
    <ClCompile Include="lz4.c" />
    <ClCompile Include="d3d11\d3d11_discard_view.cpp">
      <Filter>D3D11\tests</Filter>
    </ClCompile>
    <ClCompile Include="d3d11\d3d11_deferred_updatesubresource.cpp">
      <Filter>D3D11\tests</Filter>
    </ClCompile>
    <ClCompile Include="test_common.cpp" />
    <ClCompile Include="d3d11\d3d11_stripped_shaders.cpp">
      <Filter>D3D11\tests</Filter>
    </ClCompile>
    <ClCompile Include="d3d11\d3d11_divergent_shader.cpp">
      <Filter>D3D11\tests</Filter>
    </ClCompile>
    <ClCompile Include="d3d11\d3d11_midframe_create.cpp">
      <Filter>D3D11\tests</Filter>
    </ClCompile>
    <ClCompile Include="d3d11\d3d11_byte_address_buffers.cpp">
      <Filter>D3D11\tests</Filter>
    </ClCompile>
    <ClCompile Include="d3d11\d3d11_mip_gen_rt.cpp">
      <Filter>D3D11\tests</Filter>
    </ClCompile>
    <ClCompile Include="gl\gl_vao_0.cpp">
      <Filter>OpenGL\tests</Filter>
    </ClCompile>
    <ClCompile Include="d3d11\d3d11_streamout.cpp">
      <Filter>D3D11\tests</Filter>
    </ClCompile>
    <ClCompile Include="d3d11\d3d11_texture_3d.cpp">
      <Filter>D3D11\tests</Filter>
    </ClCompile>
    <ClCompile Include="gl\gl_buffer_updates.cpp">
      <Filter>OpenGL\tests</Filter>
    </ClCompile>
    <ClCompile Include="glad\glad.c">
      <Filter>OpenGL</Filter>
    </ClCompile>
    <ClCompile Include="glad\glad_wgl.c">
      <Filter>OpenGL</Filter>
    </ClCompile>
    <ClCompile Include="gl\gl_dx_interop.cpp">
      <Filter>OpenGL\tests</Filter>
    </ClCompile>
  </ItemGroup>
  <ItemGroup>
    <Filter Include="D3D11">
      <UniqueIdentifier>{2d925e41-46b9-4fc8-bed8-38f94377d4ce}</UniqueIdentifier>
    </Filter>
    <Filter Include="D3D11\tests">
      <UniqueIdentifier>{ab751575-8361-4303-9660-a511267f4a6e}</UniqueIdentifier>
    </Filter>
    <Filter Include="OpenGL">
      <UniqueIdentifier>{067b0d96-2253-4f97-b4e9-9a398e73698f}</UniqueIdentifier>
    </Filter>
    <Filter Include="OpenGL\tests">
      <UniqueIdentifier>{1da9ebf5-0432-4265-b118-9ffa5857a317}</UniqueIdentifier>
    </Filter>
  </ItemGroup>
  <ItemGroup>
    <ClInclude Include="d3d11_common.h">
      <Filter>D3D11</Filter>
    </ClInclude>
    <ClInclude Include="test_common.h" />
    <ClInclude Include="gl_common.h">
      <Filter>OpenGL</Filter>
    </ClInclude>
    <ClInclude Include="lz4.h" />
  </ItemGroup>
</Project>