<?xml version="1.0" encoding="utf-8"?>
<Project ToolsVersion="4.0" xmlns="http://schemas.microsoft.com/developer/msbuild/2003">
  <ItemGroup>
    <ClCompile Include="main.cpp" />
    <ClCompile Include="d3d11\d3d11_simple_triangle.cpp">
      <Filter>D3D11\tests</Filter>
    </ClCompile>
    <ClCompile Include="gl\gl_simple_triangle.cpp">
      <Filter>OpenGL\tests</Filter>
    </ClCompile>
    <ClCompile Include="gl\gl_unsized_ms_fbo_attachment.cpp">
      <Filter>OpenGL\tests</Filter>
    </ClCompile>
    <ClCompile Include="d3d11\d3d11_overdraw_stress.cpp">
      <Filter>D3D11\tests</Filter>
    </ClCompile>
    <ClCompile Include="d3d11\d3d11_1_many_uavs.cpp">
      <Filter>D3D11\tests</Filter>
    </ClCompile>
    <ClCompile Include="d3d11\d3d11_debug_shader.cpp">
      <Filter>D3D11\tests</Filter>
    </ClCompile>
    <ClCompile Include="d3d11\d3d11_mip_rtv.cpp">
      <Filter>D3D11\tests</Filter>
    </ClCompile>
    <ClCompile Include="d3d11\d3d11_many_rtvs.cpp">
      <Filter>D3D11\tests</Filter>
    </ClCompile>
    <ClCompile Include="d3d11\d3d11_empty_compute_dispatch.cpp">
      <Filter>D3D11\tests</Filter>
    </ClCompile>
    <ClCompile Include="d3d11\d3d11_array_interpolator.cpp">
      <Filter>D3D11\tests</Filter>
    </ClCompile>
    <ClCompile Include="d3d11\d3d11_empty_drawcall.cpp">
      <Filter>D3D11\tests</Filter>
    </ClCompile>
    <ClCompile Include="d3d11\d3d11_structured_buffer_read.cpp">
      <Filter>D3D11\tests</Filter>
    </ClCompile>
    <ClCompile Include="d3d11\d3d11_empty_viewports.cpp">
      <Filter>D3D11\tests</Filter>
    </ClCompile>
    <ClCompile Include="d3d11\d3d11_simple_dispatch.cpp">
      <Filter>D3D11\tests</Filter>
    </ClCompile>
    <ClCompile Include="gl\gl_runtime_bind_prog_to_pipe.cpp">
      <Filter>OpenGL\tests</Filter>
    </ClCompile>
    <ClCompile Include="gl\gl_depthstencil_fbo.cpp">
      <Filter>OpenGL\tests</Filter>
    </ClCompile>
    <ClCompile Include="lz4.c" />
    <ClCompile Include="d3d11\d3d11_discard_view.cpp">
      <Filter>D3D11\tests</Filter>
    </ClCompile>
    <ClCompile Include="d3d11\d3d11_deferred_updatesubresource.cpp">
      <Filter>D3D11\tests</Filter>
    </ClCompile>
    <ClCompile Include="test_common.cpp" />
    <ClCompile Include="d3d11\d3d11_stripped_shaders.cpp">
      <Filter>D3D11\tests</Filter>
    </ClCompile>
    <ClCompile Include="d3d11\d3d11_divergent_shader.cpp">
      <Filter>D3D11\tests</Filter>
    </ClCompile>
    <ClCompile Include="d3d11\d3d11_midframe_create.cpp">
      <Filter>D3D11\tests</Filter>
    </ClCompile>
    <ClCompile Include="d3d11\d3d11_byte_address_buffers.cpp">
      <Filter>D3D11\tests</Filter>
    </ClCompile>
    <ClCompile Include="d3d11\d3d11_mip_gen_rt.cpp">
      <Filter>D3D11\tests</Filter>
    </ClCompile>
    <ClCompile Include="gl\gl_vao_0.cpp">
      <Filter>OpenGL\tests</Filter>
    </ClCompile>
    <ClCompile Include="d3d11\d3d11_streamout.cpp">
      <Filter>D3D11\tests</Filter>
    </ClCompile>
    <ClCompile Include="d3d11\d3d11_texture_3d.cpp">
      <Filter>D3D11\tests</Filter>
    </ClCompile>
    <ClCompile Include="gl\gl_buffer_updates.cpp">
      <Filter>OpenGL\tests</Filter>
    </ClCompile>
    <ClCompile Include="gl\gl_dx_interop.cpp">
      <Filter>OpenGL\tests</Filter>
    </ClCompile>
    <ClCompile Include="d3d11\d3d11_saturate.cpp">
      <Filter>D3D11\tests</Filter>
    </ClCompile>
    <ClCompile Include="d3d11\d3d11_map_overrun.cpp">
      <Filter>D3D11\tests</Filter>
    </ClCompile>
    <ClCompile Include="gl\gl_map_overrun.cpp">
      <Filter>OpenGL\tests</Filter>
    </ClCompile>
    <ClCompile Include="d3d11\d3d11_binding_hazards.cpp">
      <Filter>D3D11\tests</Filter>
    </ClCompile>
    <ClCompile Include="d3d11\d3d11_primitive_restart.cpp">
      <Filter>D3D11\tests</Filter>
    </ClCompile>
    <ClCompile Include="gl\gl_large_bcn_arrays.cpp">
      <Filter>OpenGL\tests</Filter>
    </ClCompile>
    <ClCompile Include="d3d11\d3d11_counter_query_pred.cpp">
      <Filter>D3D11\tests</Filter>
    </ClCompile>
    <ClCompile Include="vk\vk_simple_triangle.cpp">
      <Filter>Vulkan\tests</Filter>
    </ClCompile>
    <ClCompile Include="vk\vk_draw_zoo.cpp">
      <Filter>Vulkan\tests</Filter>
    </ClCompile>
    <ClCompile Include="d3d11\d3d11_draw_zoo.cpp">
      <Filter>D3D11\tests</Filter>
    </ClCompile>
    <ClCompile Include="d3d11\d3d11_cbuffer_zoo.cpp">
      <Filter>D3D11\tests</Filter>
    </ClCompile>
    <ClCompile Include="gl\gl_cbuffer_zoo.cpp">
      <Filter>OpenGL\tests</Filter>
    </ClCompile>
    <ClCompile Include="vk\vk_cbuffer_zoo.cpp">
      <Filter>Vulkan\tests</Filter>
    </ClCompile>
    <ClCompile Include="d3d11\d3d11_refcount_check.cpp">
      <Filter>D3D11\tests</Filter>
    </ClCompile>
    <ClCompile Include="vk\vk_awkward_triangle.cpp">
      <Filter>Vulkan\tests</Filter>
    </ClCompile>
    <ClCompile Include="gl\gl_spirv_shader.cpp">
      <Filter>OpenGL\tests</Filter>
    </ClCompile>
    <ClCompile Include="gl\gl_multi_window.cpp">
      <Filter>OpenGL\tests</Filter>
    </ClCompile>
    <ClCompile Include="d3d11\d3d11_helpers.cpp">
      <Filter>D3D11</Filter>
    </ClCompile>
    <ClCompile Include="d3d11\d3d11_test.cpp">
      <Filter>D3D11</Filter>
    </ClCompile>
    <ClCompile Include="linux_platform.cpp">
      <Filter>Linux</Filter>
    </ClCompile>
    <ClCompile Include="win32_platform.cpp">
      <Filter>Windows</Filter>
    </ClCompile>
    <ClCompile Include="win32_window.cpp" />
    <ClCompile Include="gl_test.cpp">
      <Filter>OpenGL</Filter>
    </ClCompile>
    <ClCompile Include="volk\volk.c">
      <Filter>Vulkan\volk</Filter>
    </ClCompile>
    <ClCompile Include="glad\glad.c">
      <Filter>OpenGL\glad</Filter>
    </ClCompile>
    <ClCompile Include="glad\glad_wgl.c">
      <Filter>OpenGL\glad</Filter>
    </ClCompile>
    <ClCompile Include="glad\glad_egl.c">
      <Filter>OpenGL\glad</Filter>
    </ClCompile>
    <ClCompile Include="glad\glad_glx.c">
      <Filter>OpenGL\glad</Filter>
    </ClCompile>
    <ClCompile Include="gl_test_linux.cpp">
      <Filter>OpenGL</Filter>
    </ClCompile>
    <ClCompile Include="gl_test_win32.cpp">
      <Filter>OpenGL</Filter>
    </ClCompile>
    <ClCompile Include="vk_helpers.cpp" />
    <ClCompile Include="d3d11\d3d11_structured_buffer_misaligned_dirty.cpp">
      <Filter>D3D11\tests</Filter>
    </ClCompile>
    <ClCompile Include="vk_test.cpp">
      <Filter>Vulkan</Filter>
    </ClCompile>
  </ItemGroup>
  <ItemGroup>
    <Filter Include="D3D11">
      <UniqueIdentifier>{2d925e41-46b9-4fc8-bed8-38f94377d4ce}</UniqueIdentifier>
    </Filter>
    <Filter Include="D3D11\tests">
      <UniqueIdentifier>{ab751575-8361-4303-9660-a511267f4a6e}</UniqueIdentifier>
    </Filter>
    <Filter Include="OpenGL">
      <UniqueIdentifier>{067b0d96-2253-4f97-b4e9-9a398e73698f}</UniqueIdentifier>
    </Filter>
    <Filter Include="OpenGL\tests">
      <UniqueIdentifier>{1da9ebf5-0432-4265-b118-9ffa5857a317}</UniqueIdentifier>
    </Filter>
    <Filter Include="Vulkan">
      <UniqueIdentifier>{edb31c02-2b14-4e5f-8332-bcf87d98e80d}</UniqueIdentifier>
    </Filter>
    <Filter Include="Vulkan\tests">
      <UniqueIdentifier>{e5a064fd-f7f5-41f7-af8f-27d766122f53}</UniqueIdentifier>
    </Filter>
    <Filter Include="Windows">
      <UniqueIdentifier>{970b67b1-1dfa-4c31-89d5-87333c1cf866}</UniqueIdentifier>
    </Filter>
    <Filter Include="Linux">
      <UniqueIdentifier>{9c5ec0e8-32a9-45b7-8cbc-e6507dfff362}</UniqueIdentifier>
    </Filter>
    <Filter Include="Vulkan\volk">
      <UniqueIdentifier>{51d3318c-fe26-422a-bec9-cd9af74e34a0}</UniqueIdentifier>
    </Filter>
    <Filter Include="OpenGL\glad">
      <UniqueIdentifier>{d1888d63-46c9-4ff3-a81f-d470bfa0465d}</UniqueIdentifier>
    </Filter>
    <Filter Include="Vulkan\vma">
      <UniqueIdentifier>{a0e9e5c5-1b65-4a09-a442-76f741c15426}</UniqueIdentifier>
    </Filter>
    <Filter Include="Vulkan\vulkan">
      <UniqueIdentifier>{c46e8d15-ce7e-42d4-ae59-1a960527567c}</UniqueIdentifier>
    </Filter>
  </ItemGroup>
  <ItemGroup>
    <ClInclude Include="test_common.h" />
    <ClInclude Include="lz4.h" />
    <ClInclude Include="d3d11\d3d11_helpers.h">
      <Filter>D3D11</Filter>
    </ClInclude>
    <ClInclude Include="d3d11\d3d11_test.h">
      <Filter>D3D11</Filter>
    </ClInclude>
    <ClInclude Include="win32_platform.h">
      <Filter>Windows</Filter>
    </ClInclude>
    <ClInclude Include="linux_platform.h">
      <Filter>Linux</Filter>
    </ClInclude>
    <ClInclude Include="win32_window.h">
      <Filter>Windows</Filter>
    </ClInclude>
    <ClInclude Include="gl_test.h">
      <Filter>OpenGL</Filter>
    </ClInclude>
    <ClInclude Include="volk\volk.h">
      <Filter>Vulkan\volk</Filter>
    </ClInclude>
    <ClInclude Include="glad\glad.h">
      <Filter>OpenGL\glad</Filter>
    </ClInclude>
    <ClInclude Include="glad\glad_egl.h">
      <Filter>OpenGL\glad</Filter>
    </ClInclude>
    <ClInclude Include="glad\glad_glx.h">
      <Filter>OpenGL\glad</Filter>
    </ClInclude>
    <ClInclude Include="glad\glad_wgl.h">
      <Filter>OpenGL\glad</Filter>
    </ClInclude>
    <ClInclude Include="glad\khrplatform.h">
      <Filter>OpenGL\glad</Filter>
    </ClInclude>
    <ClInclude Include="vulkan\vulkan\vk_mem_alloc.h">
      <Filter>Vulkan\vma</Filter>
    </ClInclude>
    <ClInclude Include="vulkan\vulkan\vulkan.h">
      <Filter>Vulkan\vulkan</Filter>
    </ClInclude>
    <ClInclude Include="vulkan\vulkan\vk_platform.h">
      <Filter>Vulkan\vulkan</Filter>
    </ClInclude>
    <ClInclude Include="vk_helpers.h">
      <Filter>Vulkan</Filter>
    </ClInclude>
    <ClInclude Include="vk_test.h">
      <Filter>Vulkan</Filter>
    </ClInclude>
  </ItemGroup>
</Project>